
Microsoft Visual Studio Solution File, Format Version 12.00
# Visual Studio 15
VisualStudioVersion = 15.0.28010.2036
MinimumVisualStudioVersion = 10.0.40219.1
Project("{FAE04EC0-301F-11D3-BF4B-00C04F79EFBC}") = "RemoconServer", "RemoconServer\RemoconServer.csproj", "{E2D05DF3-1317-4E30-82E7-8B2D8F010179}"
EndProject
Global
	GlobalSection(SolutionConfigurationPlatforms) = preSolution
		Debug|Any CPU = Debug|Any CPU
		Release|Any CPU = Release|Any CPU
	EndGlobalSection
	GlobalSection(ProjectConfigurationPlatforms) = postSolution
		{E2D05DF3-1317-4E30-82E7-8B2D8F010179}.Debug|Any CPU.ActiveCfg = Debug|Any CPU
		{E2D05DF3-1317-4E30-82E7-8B2D8F010179}.Debug|Any CPU.Build.0 = Debug|Any CPU
		{E2D05DF3-1317-4E30-82E7-8B2D8F010179}.Release|Any CPU.ActiveCfg = Release|Any CPU
		{E2D05DF3-1317-4E30-82E7-8B2D8F010179}.Release|Any CPU.Build.0 = Release|Any CPU
	EndGlobalSection
	GlobalSection(SolutionProperties) = preSolution
		HideSolutionNode = FALSE
	EndGlobalSection
	GlobalSection(ExtensibilityGlobals) = postSolution
		SolutionGuid = {56E700F2-C048-4BE1-8D43-33070B4AEFC2}
	EndGlobalSection
EndGlobal
